# THIS IS AN AUTOGENERATED FILE. DO NOT EDIT THIS FILE DIRECTLY.
# yarn lockfile v1


"@types/node@*":
  "integrity" "sha512-OyiZPohMMjZEYqcVo/UJ04GyAxXOJEZO/FpzyXxcH4r/ArrVoXHf4MbUrkLp0Tz7/p1mMKpo5zJ6ZHl8XBNthQ=="
  "resolved" "https://registry.npmjs.org/@types/node/-/node-16.6.0.tgz"
  "version" "16.6.0"

"@types/validator@^13.6.3":
  "integrity" "sha512-fWG42pMJOL4jKsDDZZREnXLjc3UE0R8LOJfARWYg6U966rxDT7TYejYzLnUF5cvSObGg34nd0+H2wHHU5Omdfw=="
  "resolved" "https://registry.npmjs.org/@types/validator/-/validator-13.6.3.tgz"
  "version" "13.6.3"

"@vercel/node@^1.12.1":
  "integrity" "sha512-NcawIY05BvVkWlsowaxF2hl/hJg475U8JvT2FnGykFPMx31q1/FtqyTw/awSrKfOSRXR0InrbEIDIelmS9NzPA=="
  "resolved" "https://registry.npmjs.org/@vercel/node/-/node-1.12.1.tgz"
  "version" "1.12.1"
  dependencies:
    "@types/node" "*"
    "ts-node" "8.9.1"
    "typescript" "4.3.4"

"arg@^4.1.0":
  "integrity" "sha512-58S9QDqG0Xx27YwPSt9fJxivjYl432YCwfDMfZ+71RAqUrZef7LrKQZ3LHLOwCS4FLNBplP533Zx895SeOCHvA=="
  "resolved" "https://registry.npmjs.org/arg/-/arg-4.1.3.tgz"
  "version" "4.1.3"

"boolbase@^1.0.0":
  "integrity" "sha1-aN/1++YMUes3cl6p4+0xDcwed24="
  "resolved" "https://registry.npmjs.org/boolbase/-/boolbase-1.0.0.tgz"
  "version" "1.0.0"

"buffer-from@^1.0.0":
  "integrity" "sha512-E+XQCRwSbaaiChtv6k6Dwgc+bx+Bs6vuKJHHl5kox/BaKbhiXzqQOwK4cO22yElGp2OCmjwVhT3HmxgyPGnJfQ=="
  "resolved" "https://registry.npmjs.org/buffer-from/-/buffer-from-1.1.2.tgz"
  "version" "1.1.2"

"cheerio-select-tmp@^0.1.0":
  "integrity" "sha512-YYs5JvbpU19VYJyj+F7oYrIE2BOll1/hRU7rEy/5+v9BzkSo3bK81iAeeQEMI92vRIxz677m72UmJUiVwwgjfQ=="
  "resolved" "https://registry.npmjs.org/cheerio-select-tmp/-/cheerio-select-tmp-0.1.1.tgz"
  "version" "0.1.1"
  dependencies:
    "css-select" "^3.1.2"
    "css-what" "^4.0.0"
    "domelementtype" "^2.1.0"
    "domhandler" "^4.0.0"
    "domutils" "^2.4.4"

"cheerio@1.0.0-rc.5":
  "integrity" "sha512-yoqps/VCaZgN4pfXtenwHROTp8NG6/Hlt4Jpz2FEP0ZJQ+ZUkVDd0hAPDNKhj3nakpfPt/CNs57yEtxD1bXQiw=="
  "resolved" "https://registry.npmjs.org/cheerio/-/cheerio-1.0.0-rc.5.tgz"
  "version" "1.0.0-rc.5"
  dependencies:
    "cheerio-select-tmp" "^0.1.0"
    "dom-serializer" "~1.2.0"
    "domhandler" "^4.0.0"
    "entities" "~2.1.0"
    "htmlparser2" "^6.0.0"
    "parse5" "^6.0.0"
    "parse5-htmlparser2-tree-adapter" "^6.0.0"

"cross-fetch@3.0.6":
  "integrity" "sha512-KBPUbqgFjzWlVcURG+Svp9TlhA5uliYtiNx/0r8nv0pdypeQCRJ9IaSIc3q/x3q8t3F75cHuwxVql1HFGHCNJQ=="
  "resolved" "https://registry.npmjs.org/cross-fetch/-/cross-fetch-3.0.6.tgz"
  "version" "3.0.6"
  dependencies:
    "node-fetch" "2.6.1"

"css-select@^3.1.2":
  "integrity" "sha512-qmss1EihSuBNWNNhHjxzxSfJoFBM/lERB/Q4EnsJQQC62R2evJDW481091oAdOr9uh46/0n4nrg0It5cAnj1RA=="
  "resolved" "https://registry.npmjs.org/css-select/-/css-select-3.1.2.tgz"
  "version" "3.1.2"
  dependencies:
    "boolbase" "^1.0.0"
    "css-what" "^4.0.0"
    "domhandler" "^4.0.0"
    "domutils" "^2.4.3"
    "nth-check" "^2.0.0"

"css-what@^4.0.0":
  "integrity" "sha512-teijzG7kwYfNVsUh2H/YN62xW3KK9YhXEgSlbxMlcyjPNvdKJqFx5lrwlJgoFP1ZHlB89iGDlo/JyshKeRhv5A=="
  "resolved" "https://registry.npmjs.org/css-what/-/css-what-4.0.0.tgz"
  "version" "4.0.0"

"diff@^4.0.1":
  "integrity" "sha512-58lmxKSA4BNyLz+HHMUzlOEpg09FV+ev6ZMe3vJihgdxzgcwZ8VoEEPmALCZG9LmqfVoNMMKpttIYTVG6uDY7A=="
  "resolved" "https://registry.npmjs.org/diff/-/diff-4.0.2.tgz"
  "version" "4.0.2"

"dom-serializer@^1.0.1":
  "integrity" "sha512-5c54Bk5Dw4qAxNOI1pFEizPSjVsx5+bpJKmL2kPn8JhBUq2q09tTCa3mjijun2NfK78NMouDYNMBkOrPZiS+ig=="
  "resolved" "https://registry.npmjs.org/dom-serializer/-/dom-serializer-1.3.2.tgz"
  "version" "1.3.2"
  dependencies:
    "domelementtype" "^2.0.1"
    "domhandler" "^4.2.0"
    "entities" "^2.0.0"

"dom-serializer@~1.2.0":
  "integrity" "sha512-n6kZFH/KlCrqs/1GHMOd5i2fd/beQHuehKdWvNNffbGHTr/almdhuVvTVFb3V7fglz+nC50fFusu3lY33h12pA=="
  "resolved" "https://registry.npmjs.org/dom-serializer/-/dom-serializer-1.2.0.tgz"
  "version" "1.2.0"
  dependencies:
    "domelementtype" "^2.0.1"
    "domhandler" "^4.0.0"
    "entities" "^2.0.0"

"domelementtype@^2.0.1", "domelementtype@^2.1.0", "domelementtype@^2.2.0":
  "integrity" "sha512-DtBMo82pv1dFtUmHyr48beiuq792Sxohr+8Hm9zoxklYPfa6n0Z3Byjj2IV7bmr2IyqClnqEQhfgHJJ5QF0R5A=="
  "resolved" "https://registry.npmjs.org/domelementtype/-/domelementtype-2.2.0.tgz"
  "version" "2.2.0"

"domhandler@^4.0.0", "domhandler@^4.2.0":
  "integrity" "sha512-zk7sgt970kzPks2Bf+dwT/PLzghLnsivb9CcxkvR8Mzr66Olr0Ofd8neSbglHJHaHa2MadfoSdNlKYAaafmWfA=="
  "resolved" "https://registry.npmjs.org/domhandler/-/domhandler-4.2.0.tgz"
  "version" "4.2.0"
  dependencies:
    "domelementtype" "^2.2.0"

"domutils@^2.4.3", "domutils@^2.4.4", "domutils@^2.5.2":
  "integrity" "sha512-y0BezHuy4MDYxh6OvolXYsH+1EMGmFbwv5FKW7ovwMG6zTPWqNPq3WF9ayZssFq+UlKdffGLbOEaghNdaOm1WA=="
  "resolved" "https://registry.npmjs.org/domutils/-/domutils-2.6.0.tgz"
  "version" "2.6.0"
  dependencies:
    "dom-serializer" "^1.0.1"
    "domelementtype" "^2.2.0"
    "domhandler" "^4.2.0"

"entities@^2.0.0":
  "integrity" "sha512-p92if5Nz619I0w+akJrLZH0MX0Pb5DX39XOwQTtXSdQQOaYH03S1uIQp4mhOZtAXrxq4ViO67YTiLBo2638o9A=="
  "resolved" "https://registry.npmjs.org/entities/-/entities-2.2.0.tgz"
  "version" "2.2.0"

"entities@~2.1.0":
  "integrity" "sha512-hCx1oky9PFrJ611mf0ifBLBRW8lUUVRlFolb5gWRfIELabBlbp9xZvrqZLZAs+NxFnbfQoeGd8wDkygjg7U85w=="
  "resolved" "https://registry.npmjs.org/entities/-/entities-2.1.0.tgz"
  "version" "2.1.0"

"htmlparser2@^6.0.0":
  "integrity" "sha512-gyyPk6rgonLFEDGoeRgQNaEUvdJ4ktTmmUh/h2t7s+M8oPpIPxgNACWa+6ESR57kXstwqPiCut0V8NRpcwgU7A=="
  "resolved" "https://registry.npmjs.org/htmlparser2/-/htmlparser2-6.1.0.tgz"
  "version" "6.1.0"
  dependencies:
    "domelementtype" "^2.0.1"
    "domhandler" "^4.0.0"
    "domutils" "^2.5.2"
    "entities" "^2.0.0"

"link-preview-js@^2.1.6":
  "integrity" "sha512-SIkorrbpDz+s5qzMRIIIyydCfgaE8thZCnkM1th4zQt/TAYIqMW0MRm0sezUuEalzj297lUvQUYGRBPdPWDgYQ=="
  "resolved" "https://registry.npmjs.org/link-preview-js/-/link-preview-js-2.1.6.tgz"
  "version" "2.1.6"
  dependencies:
    "cheerio" "1.0.0-rc.5"
    "cross-fetch" "3.0.6"
    "url" "0.11.0"

"make-error@^1.1.1":
  "integrity" "sha512-s8UhlNe7vPKomQhC1qFelMokr/Sc3AgNbso3n74mVPA5LTZwkB9NlXf4XPamLxJE8h0gh73rM94xvwRT2CVInw=="
  "resolved" "https://registry.npmjs.org/make-error/-/make-error-1.3.6.tgz"
  "version" "1.3.6"

"node-fetch@2.6.1":
  "integrity" "sha512-V4aYg89jEoVRxRb2fJdAg8FHvI7cEyYdVAh94HH0UIK8oJxUfkjlDQN9RbMx+bEjP7+ggMiFRprSti032Oipxw=="
  "resolved" "https://registry.npmjs.org/node-fetch/-/node-fetch-2.6.1.tgz"
  "version" "2.6.1"

"nth-check@^2.0.0":
  "integrity" "sha512-i4sc/Kj8htBrAiH1viZ0TgU8Y5XqCaV/FziYK6TBczxmeKm3AEFWqqF3195yKudrarqy7Zu80Ra5dobFjn9X/Q=="
  "resolved" "https://registry.npmjs.org/nth-check/-/nth-check-2.0.0.tgz"
  "version" "2.0.0"
  dependencies:
    "boolbase" "^1.0.0"

"parse5-htmlparser2-tree-adapter@^6.0.0":
  "integrity" "sha512-qPuWvbLgvDGilKc5BoicRovlT4MtYT6JfJyBOMDsKoiT+GiuP5qyrPCnR9HcPECIJJmZh5jRndyNThnhhb/vlA=="
  "resolved" "https://registry.npmjs.org/parse5-htmlparser2-tree-adapter/-/parse5-htmlparser2-tree-adapter-6.0.1.tgz"
  "version" "6.0.1"
  dependencies:
    "parse5" "^6.0.1"

"parse5@^6.0.0", "parse5@^6.0.1":
  "integrity" "sha512-Ofn/CTFzRGTTxwpNEs9PP93gXShHcTq255nzRYSKe8AkVpZY7e1fpmTfOyoIvjP5HG7Z2ZM7VS9PPhQGW2pOpw=="
  "resolved" "https://registry.npmjs.org/parse5/-/parse5-6.0.1.tgz"
  "version" "6.0.1"

"punycode@1.3.2":
  "integrity" "sha1-llOgNvt8HuQjQvIyXM7v6jkmxI0="
  "resolved" "https://registry.npmjs.org/punycode/-/punycode-1.3.2.tgz"
  "version" "1.3.2"

"querystring@0.2.0":
  "integrity" "sha1-sgmEkgO7Jd+CDadW50cAWHhSFiA="
  "resolved" "https://registry.npmjs.org/querystring/-/querystring-0.2.0.tgz"
  "version" "0.2.0"

"source-map-support@^0.5.17":
  "integrity" "sha512-Wonm7zOCIJzBGQdB+thsPar0kYuCIzYvxZwlBa87yi/Mdjv7Tip2cyVbLj5o0cFPN4EVkuTwb3GDDyUx2DGnGw=="
  "resolved" "https://registry.npmjs.org/source-map-support/-/source-map-support-0.5.19.tgz"
  "version" "0.5.19"
  dependencies:
    "buffer-from" "^1.0.0"
    "source-map" "^0.6.0"

"source-map@^0.6.0":
  "integrity" "sha512-UjgapumWlbMhkBgzT7Ykc5YXUT46F0iKu8SGXq0bcwP5dz/h0Plj6enJqjz1Zbq2l5WaqYnrVbwWOWMyF3F47g=="
  "resolved" "https://registry.npmjs.org/source-map/-/source-map-0.6.1.tgz"
  "version" "0.6.1"

"ts-node@8.9.1":
  "integrity" "sha512-yrq6ODsxEFTLz0R3BX2myf0WBCSQh9A+py8PBo1dCzWIOcvisbyH6akNKqDHMgXePF2kir5mm5JXJTH3OUJYOQ=="
  "resolved" "https://registry.npmjs.org/ts-node/-/ts-node-8.9.1.tgz"
  "version" "8.9.1"
  dependencies:
    "arg" "^4.1.0"
    "diff" "^4.0.1"
    "make-error" "^1.1.1"
    "source-map-support" "^0.5.17"
    "yn" "3.1.1"

"typescript@>=2.7", "typescript@4.3.4":
  "integrity" "sha512-uauPG7XZn9F/mo+7MrsRjyvbxFpzemRjKEZXS4AK83oP2KKOJPvb+9cO/gmnv8arWZvhnjVOXz7B49m1l0e9Ew=="
  "resolved" "https://registry.npmjs.org/typescript/-/typescript-4.3.4.tgz"
  "version" "4.3.4"

"url@0.11.0":
  "integrity" "sha1-ODjpfPxgUh63PFJajlW/3Z4uKPE="
  "resolved" "https://registry.npmjs.org/url/-/url-0.11.0.tgz"
  "version" "0.11.0"
  dependencies:
    "punycode" "1.3.2"
    "querystring" "0.2.0"

"validator@^13.6.0":
  "integrity" "sha512-gVgKbdbHgtxpRyR8K0O6oFZPhhB5tT1jeEHZR0Znr9Svg03U0+r9DXWMrnRAB+HtCStDQKlaIZm42tVsVjqtjg=="
  "resolved" "https://registry.npmjs.org/validator/-/validator-13.6.0.tgz"
  "version" "13.6.0"

"yn@3.1.1":
  "integrity" "sha512-Ux4ygGWsu2c7isFWe8Yu1YluJmqVhxqK2cLXNQA5AcC3QfbGNpM7fu0Y8b/z16pXLnFxZYvWhd3fhBY9DLmC6Q=="
  "resolved" "https://registry.npmjs.org/yn/-/yn-3.1.1.tgz"
  "version" "3.1.1"
